
Microsoft Visual Studio Solution File, Format Version 12.00
# Visual Studio 15
VisualStudioVersion = 15.0.28010.2050
MinimumVisualStudioVersion = 10.0.40219.1
Project("{9A19103F-16F7-4668-BE54-9A1E7A4F7556}") = "EducationSystem.WebApp", "EducationSystem.WebApp\EducationSystem.WebApp.csproj", "{D15A3179-781B-4B25-B187-B3BD84E4D538}"
EndProject
Project("{2150E333-8FDC-42A3-9474-1A3956D46DE8}") = "Web Apps", "Web Apps", "{E106792D-1AFF-4913-A1B6-64EF92305368}"
EndProject
Global
	GlobalSection(SolutionConfigurationPlatforms) = preSolution
		Debug|Any CPU = Debug|Any CPU
		Release|Any CPU = Release|Any CPU
	EndGlobalSection
	GlobalSection(ProjectConfigurationPlatforms) = postSolution
		{D15A3179-781B-4B25-B187-B3BD84E4D538}.Debug|Any CPU.ActiveCfg = Debug|Any CPU
		{D15A3179-781B-4B25-B187-B3BD84E4D538}.Debug|Any CPU.Build.0 = Debug|Any CPU
		{D15A3179-781B-4B25-B187-B3BD84E4D538}.Release|Any CPU.ActiveCfg = Release|Any CPU
		{D15A3179-781B-4B25-B187-B3BD84E4D538}.Release|Any CPU.Build.0 = Release|Any CPU
	EndGlobalSection
	GlobalSection(SolutionProperties) = preSolution
		HideSolutionNode = FALSE
	EndGlobalSection
	GlobalSection(NestedProjects) = preSolution
		{D15A3179-781B-4B25-B187-B3BD84E4D538} = {E106792D-1AFF-4913-A1B6-64EF92305368}
	EndGlobalSection
	GlobalSection(ExtensibilityGlobals) = postSolution
		SolutionGuid = {495FA56A-EC9C-42AE-BF5E-9C1FE88AFF91}
	EndGlobalSection
EndGlobal
